schema: '2.0'
stages:
  transfer_to_sql_and_unificate_data:
    cmd: python3 ../stage_runner.py --job transfer_to_sql_and_unificate_data
    deps:
    - path: ../crawler/divar_data_collection/apartment_tehran.csv
      md5: b5dc656d08fc1a4f13f3fd3bcc7b6757
      size: 308358
    - path: ../crawler/divar_data_collection/house_tehran.csv
      md5: 7ef1accbbfbe5ef76e742aeeb6d77352
      size: 218537
    - path: ../src/collect_data/collect_data.py
      md5: 2f0ff16cb4c305ea2bdfee42b56ba6d7
      size: 909
    params:
      params.yaml:
        transfer_to_sql_and_unificate_data:
          csv_path_list:
          - ../crawler/divar_data_collection/house_tehran.csv
          - ../crawler/divar_data_collection/apartment_tehran.csv
          file_directory: data/raw/
    outs:
    - path: data/raw/
      md5: 22fc188acda883dac6f0135cab125579.dir
      size: 526901
      nfiles: 1
  split_data:
    cmd: python3 ../stage_runner.py --job split_data
    deps:
    - path: ../src/collect_data/split_data.py
      md5: 7e9e20b05ffd630dd132d7facce34d90
      size: 1309
    - path: data/raw/
      md5: 22fc188acda883dac6f0135cab125579.dir
      size: 526901
      nfiles: 1
    params:
      params.yaml:
        split_data:
          file_path: data/raw/posts.csv
          train_test_dir: data/train_test/
    outs:
    - path: data/train_test/
      md5: 8df9538df000824c3113e80ed25929dc.dir
      size: 517367
      nfiles: 6
  manual_feature_eng:
    cmd: python3 ../stage_runner.py --job manual_feature_eng
    deps:
    - path: ../src/feature_eng/manual_features.py
      md5: 65c70326eccb3b8d53b1cf2d5f73aac1
      size: 1604
    - path: data/train_test/
      md5: 8df9538df000824c3113e80ed25929dc.dir
      size: 517367
      nfiles: 6
    params:
      params.yaml:
        manual_feature_eng:
          train_test_dir: data/train_test/
          out_dir: data/train_test_manual/
    outs:
    - path: data/train_test_manual/
      md5: 52e0328ea4368a33e3c41a9d4405da57.dir
      size: 502685
      nfiles: 6
  tf_idf_eng:
    cmd: python3 ../stage_runner.py --job tf_idf_eng
    deps:
    - path: ../src/feature_eng/tfidf_features.py
      md5: 0b362757807c0e4cfef5a23ed9cfcf0d
      size: 1083
    - path: data/train_test_manual/
      md5: 52e0328ea4368a33e3c41a9d4405da57.dir
      size: 502685
      nfiles: 6
    params:
      params.yaml:
        tf_idf_eng:
          train_test_inp_dir: data/train_test_manual/
          out_dir: data/train_test_tf_idf/
          min_df: 5
    outs:
    - path: data/train_test_tf_idf/
      md5: 6201029326078b8ebd99ebc419415099.dir
      size: 7775004
      nfiles: 6
  random_foreest:
    cmd: python3 ../stage_runner.py --job random_forest
    deps:
    - path: ../src/tfidf_random_forest/random_forest.py
      md5: 50f2ee6de028358229e6b79a83bfbf19
      size: 1586
    - path: data/train_test_tf_idf/
      md5: 6201029326078b8ebd99ebc419415099.dir
      size: 7775004
      nfiles: 6
    params:
      params.yaml:
        random_forest:
          inp_dir: data/train_test_tf_idf/
          metric_path: report/tfidf_random_forest.json
          n_estimators: 100
          threshold: 0.5
    outs:
    - path: report/tfidf_random_forest.json
      md5: 0b9032ca953999a1ee2b115125306eb4
      size: 442
  autoencoder_logistic_regression:
    cmd: python3 ../stage_runner.py --job autoencoder_logistic_regression
    deps:
    - path: ../src/autoencoder_logistic_regression/autoencoder_logistic_regression.py
      md5: e0bcb3f25a8eedae571eae79f1dab02a
      size: 3344
    - path: data/train_test_tf_idf/
      md5: 6201029326078b8ebd99ebc419415099.dir
      size: 7775004
      nfiles: 6
    params:
      params.yaml:
        autoencoder_logistic_regression:
          inp_dir: data/train_test_tf_idf/
          metric_path: report/autoencoder_logistic_regression_class_weights.json
          n_epochs: 20
          threshold: 0.5
    outs:
    - path: report/autoencoder_logistic_regression_class_weights.json
      md5: fa5573a1164332e624ebd9379a7b7461
      size: 503
  data_augmentation:
    cmd: python3 ../stage_runner.py --job data_augmentation
    deps:
    - path: ../src/balance_data/data_augmentation.py
      md5: 875a71ac1826c21cd48326c7c7ef63b0
      size: 1310
    - path: data/train_test_manual/
      md5: 52e0328ea4368a33e3c41a9d4405da57.dir
      size: 502685
      nfiles: 6
    params:
      params.yaml:
        data_augmentation:
          train_test_dir: data/train_test_manual/
          out_dir: data/train_test_augmentation/
    outs:
    - path: data/train_test_augmentation/
      md5: e62e198ec1926513e0de3ad38a535a4d.dir
      size: 502628
      nfiles: 6
